
Microsoft Visual Studio Solution File, Format Version 12.00
# Visual Studio Version 16
VisualStudioVersion = 16.0.31313.79
MinimumVisualStudioVersion = 10.0.40219.1
Project("{FAE04EC0-301F-11D3-BF4B-00C04F79EFBC}") = "15PuzzleGame", "15PuzzleGame\15PuzzleGame.csproj", "{1AAA7C57-A5AE-4097-99A6-FEC0522561A8}"
EndProject
Global
	GlobalSection(SolutionConfigurationPlatforms) = preSolution
		Debug|Any CPU = Debug|Any CPU
		Release|Any CPU = Release|Any CPU
	EndGlobalSection
	GlobalSection(ProjectConfigurationPlatforms) = postSolution
		{1AAA7C57-A5AE-4097-99A6-FEC0522561A8}.Debug|Any CPU.ActiveCfg = Debug|Any CPU
		{1AAA7C57-A5AE-4097-99A6-FEC0522561A8}.Debug|Any CPU.Build.0 = Debug|Any CPU
		{1AAA7C57-A5AE-4097-99A6-FEC0522561A8}.Release|Any CPU.ActiveCfg = Release|Any CPU
		{1AAA7C57-A5AE-4097-99A6-FEC0522561A8}.Release|Any CPU.Build.0 = Release|Any CPU
	EndGlobalSection
	GlobalSection(SolutionProperties) = preSolution
		HideSolutionNode = FALSE
	EndGlobalSection
	GlobalSection(ExtensibilityGlobals) = postSolution
		SolutionGuid = {0CCCCD35-7976-4423-B7C7-E1AC30BCB313}
	EndGlobalSection
EndGlobal
